version = 1
requires-python = ">=3.11"

[[package]]
name = "asgiref"
version = "3.8.1"
source = { registry = "https://pypi.org/simple" }
sdist = { url = "https://files.pythonhosted.org/packages/29/38/b3395cc9ad1b56d2ddac9970bc8f4141312dbaec28bc7c218b0dfafd0f42/asgiref-3.8.1.tar.gz", hash = "sha256:c343bd80a0bec947a9860adb4c432ffa7db769836c64238fc34bdc3fec84d590", size = 35186 }
wheels = [
    { url = "https://files.pythonhosted.org/packages/39/e3/893e8757be2612e6c266d9bb58ad2e3651524b5b40cf56761e985a28b13e/asgiref-3.8.1-py3-none-any.whl", hash = "sha256:3e1e3ecc849832fe52ccf2cb6686b7a55f82bb1d6aee72a58826471390335e47", size = 23828 },
]

[[package]]
name = "attrs"
version = "24.2.0"
source = { registry = "https://pypi.org/simple" }
sdist = { url = "https://files.pythonhosted.org/packages/fc/0f/aafca9af9315aee06a89ffde799a10a582fe8de76c563ee80bbcdc08b3fb/attrs-24.2.0.tar.gz", hash = "sha256:5cfb1b9148b5b086569baec03f20d7b6bf3bcacc9a42bebf87ffaaca362f6346", size = 792678 }
wheels = [
    { url = "https://files.pythonhosted.org/packages/6a/21/5b6702a7f963e95456c0de2d495f67bf5fd62840ac655dc451586d23d39a/attrs-24.2.0-py3-none-any.whl", hash = "sha256:81921eb96de3191c8258c199618104dd27ac608d9366f5e35d011eae1867ede2", size = 63001 },
]

[[package]]
name = "backend"
version = "0.1.0"
source = { virtual = "." }
dependencies = [
    { name = "dj-rest-auth", extra = ["with-social"] },
    { name = "django" },
    { name = "django-environ" },
    { name = "django-leaflet" },
    { name = "django-rest-framework" },
    { name = "drf-extra-fields" },
    { name = "drf-spectacular", extra = ["sidecar"] },
    { name = "six" },
]

[package.metadata]
requires-dist = [
    { name = "dj-rest-auth", extras = ["with-social"], specifier = ">=5.1.0" },
    { name = "django", specifier = ">=5.0.0" },
    { name = "django-environ", specifier = ">=0.11.2" },
    { name = "django-leaflet", specifier = ">=0.31.0" },
    { name = "django-rest-framework", specifier = ">=0.1.0" },
    { name = "drf-extra-fields", specifier = ">=3.7.0" },
    { name = "drf-spectacular", extras = ["sidecar"], specifier = ">=0.28.0" },
    { name = "six", specifier = ">=1.17.0" },
]

[[package]]
name = "certifi"
version = "2025.1.31"
source = { registry = "https://pypi.org/simple" }
sdist = { url = "https://files.pythonhosted.org/packages/1c/ab/c9f1e32b7b1bf505bf26f0ef697775960db7932abeb7b516de930ba2705f/certifi-2025.1.31.tar.gz", hash = "sha256:3d5da6925056f6f18f119200434a4780a94263f10d1c21d032a6f6b2baa20651", size = 167577 }
wheels = [
    { url = "https://files.pythonhosted.org/packages/38/fc/bce832fd4fd99766c04d1ee0eead6b0ec6486fb100ae5e74c1d91292b982/certifi-2025.1.31-py3-none-any.whl", hash = "sha256:ca78db4565a652026a4db2bcdf68f2fb589ea80d0be70e03929ed730746b84fe", size = 166393 },
]

[[package]]
name = "cffi"
version = "1.15.1"
source = { registry = "https://pypi.org/simple" }
dependencies = [
    { name = "pycparser" },
]
sdist = { url = "https://files.pythonhosted.org/packages/2b/a8/050ab4f0c3d4c1b8aaa805f70e26e84d0e27004907c5b8ecc1d31815f92a/cffi-1.15.1.tar.gz", hash = "sha256:d400bfb9a37b1351253cb402671cea7e89bdecc294e8016a707f6d1d8ac934f9", size = 508501 }
wheels = [
    { url = "https://files.pythonhosted.org/packages/23/8b/2e8c2469eaf89f7273ac685164949a7e644cdfe5daf1c036564208c3d26b/cffi-1.15.1-cp311-cp311-macosx_10_9_x86_64.whl", hash = "sha256:3d08afd128ddaa624a48cf2b859afef385b720bb4b43df214f85616922e6a5ac", size = 179198 },
    { url = "https://files.pythonhosted.org/packages/f9/96/fc9e118c47b7adc45a0676f413b4a47554e5f3b6c99b8607ec9726466ef1/cffi-1.15.1-cp311-cp311-macosx_11_0_arm64.whl", hash = "sha256:3799aecf2e17cf585d977b780ce79ff0dc9b78d799fc694221ce814c2c19db83", size = 174221 },
    { url = "https://files.pythonhosted.org/packages/10/72/617ee266192223a38b67149c830bd9376b69cf3551e1477abc72ff23ef8e/cffi-1.15.1-cp311-cp311-manylinux_2_12_i686.manylinux2010_i686.manylinux_2_17_i686.manylinux2014_i686.whl", hash = "sha256:a591fe9e525846e4d154205572a029f653ada1a78b93697f3b5a8f1f2bc055b9", size = 441694 },
    { url = "https://files.pythonhosted.org/packages/91/bc/b7723c2fe7a22eee71d7edf2102cd43423d5f95ff3932ebaa2f82c7ec8d0/cffi-1.15.1-cp311-cp311-manylinux_2_17_aarch64.manylinux2014_aarch64.whl", hash = "sha256:3548db281cd7d2561c9ad9984681c95f7b0e38881201e157833a2342c30d5e8c", size = 470613 },
    { url = "https://files.pythonhosted.org/packages/5d/4e/4e0bb5579b01fdbfd4388bd1eb9394a989e1336203a4b7f700d887b233c1/cffi-1.15.1-cp311-cp311-manylinux_2_17_ppc64le.manylinux2014_ppc64le.whl", hash = "sha256:91fc98adde3d7881af9b59ed0294046f3806221863722ba7d8d120c575314325", size = 472199 },
    { url = "https://files.pythonhosted.org/packages/37/5a/c37631a86be838bdd84cc0259130942bf7e6e32f70f4cab95f479847fb91/cffi-1.15.1-cp311-cp311-manylinux_2_17_x86_64.manylinux2014_x86_64.whl", hash = "sha256:94411f22c3985acaec6f83c6df553f2dbe17b698cc7f8ae751ff2237d96b9e3c", size = 462588 },
    { url = "https://files.pythonhosted.org/packages/71/d7/0fe0d91b0bbf610fb7254bb164fa8931596e660d62e90fb6289b7ee27b09/cffi-1.15.1-cp311-cp311-musllinux_1_1_i686.whl", hash = "sha256:03425bdae262c76aad70202debd780501fabeaca237cdfddc008987c0e0f59ef", size = 450543 },
    { url = "https://files.pythonhosted.org/packages/d3/56/3e94aa719ae96eeda8b68b3ec6e347e0a23168c6841dc276ccdcdadc9f32/cffi-1.15.1-cp311-cp311-musllinux_1_1_x86_64.whl", hash = "sha256:cc4d65aeeaa04136a12677d3dd0b1c0c94dc43abac5860ab33cceb42b801c1e8", size = 474253 },
    { url = "https://files.pythonhosted.org/packages/87/ee/ddc23981fc0f5e7b5356e98884226bcb899f95ebaefc3e8e8b8742dd7e22/cffi-1.15.1-cp311-cp311-win32.whl", hash = "sha256:a0f100c8912c114ff53e1202d0078b425bee3649ae34d7b070e9697f93c5d52d", size = 170313 },
    { url = "https://files.pythonhosted.org/packages/43/a0/cc7370ef72b6ee586369bacd3961089ab3d94ae712febf07a244f1448ffd/cffi-1.15.1-cp311-cp311-win_amd64.whl", hash = "sha256:04ed324bda3cda42b9b695d51bb7d54b680b9719cfab04227cdd1e04e5de3104", size = 179001 },
]

[[package]]
name = "charset-normalizer"
version = "3.4.1"
source = { registry = "https://pypi.org/simple" }
sdist = { url = "https://files.pythonhosted.org/packages/16/b0/572805e227f01586461c80e0fd25d65a2115599cc9dad142fee4b747c357/charset_normalizer-3.4.1.tar.gz", hash = "sha256:44251f18cd68a75b56585dd00dae26183e102cd5e0f9f1466e6df5da2ed64ea3", size = 123188 }
wheels = [
    { url = "https://files.pythonhosted.org/packages/72/80/41ef5d5a7935d2d3a773e3eaebf0a9350542f2cab4eac59a7a4741fbbbbe/charset_normalizer-3.4.1-cp311-cp311-macosx_10_9_universal2.whl", hash = "sha256:8bfa33f4f2672964266e940dd22a195989ba31669bd84629f05fab3ef4e2d125", size = 194995 },
    { url = "https://files.pythonhosted.org/packages/7a/28/0b9fefa7b8b080ec492110af6d88aa3dea91c464b17d53474b6e9ba5d2c5/charset_normalizer-3.4.1-cp311-cp311-manylinux_2_17_aarch64.manylinux2014_aarch64.whl", hash = "sha256:28bf57629c75e810b6ae989f03c0828d64d6b26a5e205535585f96093e405ed1", size = 139471 },
    { url = "https://files.pythonhosted.org/packages/71/64/d24ab1a997efb06402e3fc07317e94da358e2585165930d9d59ad45fcae2/charset_normalizer-3.4.1-cp311-cp311-manylinux_2_17_ppc64le.manylinux2014_ppc64le.whl", hash = "sha256:f08ff5e948271dc7e18a35641d2f11a4cd8dfd5634f55228b691e62b37125eb3", size = 149831 },
    { url = "https://files.pythonhosted.org/packages/37/ed/be39e5258e198655240db5e19e0b11379163ad7070962d6b0c87ed2c4d39/charset_normalizer-3.4.1-cp311-cp311-manylinux_2_17_s390x.manylinux2014_s390x.whl", hash = "sha256:234ac59ea147c59ee4da87a0c0f098e9c8d169f4dc2a159ef720f1a61bbe27cd", size = 142335 },
    { url = "https://files.pythonhosted.org/packages/88/83/489e9504711fa05d8dde1574996408026bdbdbd938f23be67deebb5eca92/charset_normalizer-3.4.1-cp311-cp311-manylinux_2_17_x86_64.manylinux2014_x86_64.whl", hash = "sha256:fd4ec41f914fa74ad1b8304bbc634b3de73d2a0889bd32076342a573e0779e00", size = 143862 },
    { url = "https://files.pythonhosted.org/packages/c6/c7/32da20821cf387b759ad24627a9aca289d2822de929b8a41b6241767b461/charset_normalizer-3.4.1-cp311-cp311-manylinux_2_5_i686.manylinux1_i686.manylinux_2_17_i686.manylinux2014_i686.whl", hash = "sha256:eea6ee1db730b3483adf394ea72f808b6e18cf3cb6454b4d86e04fa8c4327a12", size = 145673 },
    { url = "https://files.pythonhosted.org/packages/68/85/f4288e96039abdd5aeb5c546fa20a37b50da71b5cf01e75e87f16cd43304/charset_normalizer-3.4.1-cp311-cp311-musllinux_1_2_aarch64.whl", hash = "sha256:c96836c97b1238e9c9e3fe90844c947d5afbf4f4c92762679acfe19927d81d77", size = 140211 },
    { url = "https://files.pythonhosted.org/packages/28/a3/a42e70d03cbdabc18997baf4f0227c73591a08041c149e710045c281f97b/charset_normalizer-3.4.1-cp311-cp311-musllinux_1_2_i686.whl", hash = "sha256:4d86f7aff21ee58f26dcf5ae81a9addbd914115cdebcbb2217e4f0ed8982e146", size = 148039 },
    { url = "https://files.pythonhosted.org/packages/85/e4/65699e8ab3014ecbe6f5c71d1a55d810fb716bbfd74f6283d5c2aa87febf/charset_normalizer-3.4.1-cp311-cp311-musllinux_1_2_ppc64le.whl", hash = "sha256:09b5e6733cbd160dcc09589227187e242a30a49ca5cefa5a7edd3f9d19ed53fd", size = 151939 },
    { url = "https://files.pythonhosted.org/packages/b1/82/8e9fe624cc5374193de6860aba3ea8070f584c8565ee77c168ec13274bd2/charset_normalizer-3.4.1-cp311-cp311-musllinux_1_2_s390x.whl", hash = "sha256:5777ee0881f9499ed0f71cc82cf873d9a0ca8af166dfa0af8ec4e675b7df48e6", size = 149075 },
    { url = "https://files.pythonhosted.org/packages/3d/7b/82865ba54c765560c8433f65e8acb9217cb839a9e32b42af4aa8e945870f/charset_normalizer-3.4.1-cp311-cp311-musllinux_1_2_x86_64.whl", hash = "sha256:237bdbe6159cff53b4f24f397d43c6336c6b0b42affbe857970cefbb620911c8", size = 144340 },
    { url = "https://files.pythonhosted.org/packages/b5/b6/9674a4b7d4d99a0d2df9b215da766ee682718f88055751e1e5e753c82db0/charset_normalizer-3.4.1-cp311-cp311-win32.whl", hash = "sha256:8417cb1f36cc0bc7eaba8ccb0e04d55f0ee52df06df3ad55259b9a323555fc8b", size = 95205 },
    { url = "https://files.pythonhosted.org/packages/1e/ab/45b180e175de4402dcf7547e4fb617283bae54ce35c27930a6f35b6bef15/charset_normalizer-3.4.1-cp311-cp311-win_amd64.whl", hash = "sha256:d7f50a1f8c450f3925cb367d011448c39239bb3eb4117c36a6d354794de4ce76", size = 102441 },
    { url = "https://files.pythonhosted.org/packages/0a/9a/dd1e1cdceb841925b7798369a09279bd1cf183cef0f9ddf15a3a6502ee45/charset_normalizer-3.4.1-cp312-cp312-macosx_10_13_universal2.whl", hash = "sha256:73d94b58ec7fecbc7366247d3b0b10a21681004153238750bb67bd9012414545", size = 196105 },
    { url = "https://files.pythonhosted.org/packages/d3/8c/90bfabf8c4809ecb648f39794cf2a84ff2e7d2a6cf159fe68d9a26160467/charset_normalizer-3.4.1-cp312-cp312-manylinux_2_17_aarch64.manylinux2014_aarch64.whl", hash = "sha256:dad3e487649f498dd991eeb901125411559b22e8d7ab25d3aeb1af367df5efd7", size = 140404 },
    { url = "https://files.pythonhosted.org/packages/ad/8f/e410d57c721945ea3b4f1a04b74f70ce8fa800d393d72899f0a40526401f/charset_normalizer-3.4.1-cp312-cp312-manylinux_2_17_ppc64le.manylinux2014_ppc64le.whl", hash = "sha256:c30197aa96e8eed02200a83fba2657b4c3acd0f0aa4bdc9f6c1af8e8962e0757", size = 150423 },
    { url = "https://files.pythonhosted.org/packages/f0/b8/e6825e25deb691ff98cf5c9072ee0605dc2acfca98af70c2d1b1bc75190d/charset_normalizer-3.4.1-cp312-cp312-manylinux_2_17_s390x.manylinux2014_s390x.whl", hash = "sha256:2369eea1ee4a7610a860d88f268eb39b95cb588acd7235e02fd5a5601773d4fa", size = 143184 },
    { url = "https://files.pythonhosted.org/packages/3e/a2/513f6cbe752421f16d969e32f3583762bfd583848b763913ddab8d9bfd4f/charset_normalizer-3.4.1-cp312-cp312-manylinux_2_17_x86_64.manylinux2014_x86_64.whl", hash = "sha256:bc2722592d8998c870fa4e290c2eec2c1569b87fe58618e67d38b4665dfa680d", size = 145268 },
    { url = "https://files.pythonhosted.org/packages/74/94/8a5277664f27c3c438546f3eb53b33f5b19568eb7424736bdc440a88a31f/charset_normalizer-3.4.1-cp312-cp312-manylinux_2_5_i686.manylinux1_i686.manylinux_2_17_i686.manylinux2014_i686.whl", hash = "sha256:ffc9202a29ab3920fa812879e95a9e78b2465fd10be7fcbd042899695d75e616", size = 147601 },
    { url = "https://files.pythonhosted.org/packages/7c/5f/6d352c51ee763623a98e31194823518e09bfa48be2a7e8383cf691bbb3d0/charset_normalizer-3.4.1-cp312-cp312-musllinux_1_2_aarch64.whl", hash = "sha256:804a4d582ba6e5b747c625bf1255e6b1507465494a40a2130978bda7b932c90b", size = 141098 },
    { url = "https://files.pythonhosted.org/packages/78/d4/f5704cb629ba5ab16d1d3d741396aec6dc3ca2b67757c45b0599bb010478/charset_normalizer-3.4.1-cp312-cp312-musllinux_1_2_i686.whl", hash = "sha256:0f55e69f030f7163dffe9fd0752b32f070566451afe180f99dbeeb81f511ad8d", size = 149520 },
    { url = "https://files.pythonhosted.org/packages/c5/96/64120b1d02b81785f222b976c0fb79a35875457fa9bb40827678e54d1bc8/charset_normalizer-3.4.1-cp312-cp312-musllinux_1_2_ppc64le.whl", hash = "sha256:c4c3e6da02df6fa1410a7680bd3f63d4f710232d3139089536310d027950696a", size = 152852 },
    { url = "https://files.pythonhosted.org/packages/84/c9/98e3732278a99f47d487fd3468bc60b882920cef29d1fa6ca460a1fdf4e6/charset_normalizer-3.4.1-cp312-cp312-musllinux_1_2_s390x.whl", hash = "sha256:5df196eb874dae23dcfb968c83d4f8fdccb333330fe1fc278ac5ceeb101003a9", size = 150488 },
    { url = "https://files.pythonhosted.org/packages/13/0e/9c8d4cb99c98c1007cc11eda969ebfe837bbbd0acdb4736d228ccaabcd22/charset_normalizer-3.4.1-cp312-cp312-musllinux_1_2_x86_64.whl", hash = "sha256:e358e64305fe12299a08e08978f51fc21fac060dcfcddd95453eabe5b93ed0e1", size = 146192 },
    { url = "https://files.pythonhosted.org/packages/b2/21/2b6b5b860781a0b49427309cb8670785aa543fb2178de875b87b9cc97746/charset_normalizer-3.4.1-cp312-cp312-win32.whl", hash = "sha256:9b23ca7ef998bc739bf6ffc077c2116917eabcc901f88da1b9856b210ef63f35", size = 95550 },
    { url = "https://files.pythonhosted.org/packages/21/5b/1b390b03b1d16c7e382b561c5329f83cc06623916aab983e8ab9239c7d5c/charset_normalizer-3.4.1-cp312-cp312-win_amd64.whl", hash = "sha256:6ff8a4a60c227ad87030d76e99cd1698345d4491638dfa6673027c48b3cd395f", size = 102785 },
    { url = "https://files.pythonhosted.org/packages/38/94/ce8e6f63d18049672c76d07d119304e1e2d7c6098f0841b51c666e9f44a0/charset_normalizer-3.4.1-cp313-cp313-macosx_10_13_universal2.whl", hash = "sha256:aabfa34badd18f1da5ec1bc2715cadc8dca465868a4e73a0173466b688f29dda", size = 195698 },
    { url = "https://files.pythonhosted.org/packages/24/2e/dfdd9770664aae179a96561cc6952ff08f9a8cd09a908f259a9dfa063568/charset_normalizer-3.4.1-cp313-cp313-manylinux_2_17_aarch64.manylinux2014_aarch64.whl", hash = "sha256:22e14b5d70560b8dd51ec22863f370d1e595ac3d024cb8ad7d308b4cd95f8313", size = 140162 },
    { url = "https://files.pythonhosted.org/packages/24/4e/f646b9093cff8fc86f2d60af2de4dc17c759de9d554f130b140ea4738ca6/charset_normalizer-3.4.1-cp313-cp313-manylinux_2_17_ppc64le.manylinux2014_ppc64le.whl", hash = "sha256:8436c508b408b82d87dc5f62496973a1805cd46727c34440b0d29d8a2f50a6c9", size = 150263 },
    { url = "https://files.pythonhosted.org/packages/5e/67/2937f8d548c3ef6e2f9aab0f6e21001056f692d43282b165e7c56023e6dd/charset_normalizer-3.4.1-cp313-cp313-manylinux_2_17_s390x.manylinux2014_s390x.whl", hash = "sha256:2d074908e1aecee37a7635990b2c6d504cd4766c7bc9fc86d63f9c09af3fa11b", size = 142966 },
    { url = "https://files.pythonhosted.org/packages/52/ed/b7f4f07de100bdb95c1756d3a4d17b90c1a3c53715c1a476f8738058e0fa/charset_normalizer-3.4.1-cp313-cp313-manylinux_2_17_x86_64.manylinux2014_x86_64.whl", hash = "sha256:955f8851919303c92343d2f66165294848d57e9bba6cf6e3625485a70a038d11", size = 144992 },
    { url = "https://files.pythonhosted.org/packages/96/2c/d49710a6dbcd3776265f4c923bb73ebe83933dfbaa841c5da850fe0fd20b/charset_normalizer-3.4.1-cp313-cp313-manylinux_2_5_i686.manylinux1_i686.manylinux_2_17_i686.manylinux2014_i686.whl", hash = "sha256:44ecbf16649486d4aebafeaa7ec4c9fed8b88101f4dd612dcaf65d5e815f837f", size = 147162 },
    { url = "https://files.pythonhosted.org/packages/b4/41/35ff1f9a6bd380303dea55e44c4933b4cc3c4850988927d4082ada230273/charset_normalizer-3.4.1-cp313-cp313-musllinux_1_2_aarch64.whl", hash = "sha256:0924e81d3d5e70f8126529951dac65c1010cdf117bb75eb02dd12339b57749dd", size = 140972 },
    { url = "https://files.pythonhosted.org/packages/fb/43/c6a0b685fe6910d08ba971f62cd9c3e862a85770395ba5d9cad4fede33ab/charset_normalizer-3.4.1-cp313-cp313-musllinux_1_2_i686.whl", hash = "sha256:2967f74ad52c3b98de4c3b32e1a44e32975e008a9cd2a8cc8966d6a5218c5cb2", size = 149095 },
    { url = "https://files.pythonhosted.org/packages/4c/ff/a9a504662452e2d2878512115638966e75633519ec11f25fca3d2049a94a/charset_normalizer-3.4.1-cp313-cp313-musllinux_1_2_ppc64le.whl", hash = "sha256:c75cb2a3e389853835e84a2d8fb2b81a10645b503eca9bcb98df6b5a43eb8886", size = 152668 },
    { url = "https://files.pythonhosted.org/packages/6c/71/189996b6d9a4b932564701628af5cee6716733e9165af1d5e1b285c530ed/charset_normalizer-3.4.1-cp313-cp313-musllinux_1_2_s390x.whl", hash = "sha256:09b26ae6b1abf0d27570633b2b078a2a20419c99d66fb2823173d73f188ce601", size = 150073 },
    { url = "https://files.pythonhosted.org/packages/e4/93/946a86ce20790e11312c87c75ba68d5f6ad2208cfb52b2d6a2c32840d922/charset_normalizer-3.4.1-cp313-cp313-musllinux_1_2_x86_64.whl", hash = "sha256:fa88b843d6e211393a37219e6a1c1df99d35e8fd90446f1118f4216e307e48cd", size = 145732 },
    { url = "https://files.pythonhosted.org/packages/cd/e5/131d2fb1b0dddafc37be4f3a2fa79aa4c037368be9423061dccadfd90091/charset_normalizer-3.4.1-cp313-cp313-win32.whl", hash = "sha256:eb8178fe3dba6450a3e024e95ac49ed3400e506fd4e9e5c32d30adda88cbd407", size = 95391 },
    { url = "https://files.pythonhosted.org/packages/27/f2/4f9a69cc7712b9b5ad8fdb87039fd89abba997ad5cbe690d1835d40405b0/charset_normalizer-3.4.1-cp313-cp313-win_amd64.whl", hash = "sha256:b1ac5992a838106edb89654e0aebfc24f5848ae2547d22c2c3f66454daa11971", size = 102702 },
    { url = "https://files.pythonhosted.org/packages/0e/f6/65ecc6878a89bb1c23a086ea335ad4bf21a588990c3f535a227b9eea9108/charset_normalizer-3.4.1-py3-none-any.whl", hash = "sha256:d98b1668f06378c6dbefec3b92299716b931cd4e6061f3c875a71ced1780ab85", size = 49767 },
]

[[package]]
name = "cryptography"
version = "44.0.2"
source = { registry = "https://pypi.org/simple" }
dependencies = [
    { name = "cffi", marker = "platform_python_implementation != 'PyPy'" },
]
sdist = { url = "https://files.pythonhosted.org/packages/cd/25/4ce80c78963834b8a9fd1cc1266be5ed8d1840785c0f2e1b73b8d128d505/cryptography-44.0.2.tar.gz", hash = "sha256:c63454aa261a0cf0c5b4718349629793e9e634993538db841165b3df74f37ec0", size = 710807 }
wheels = [
    { url = "https://files.pythonhosted.org/packages/92/ef/83e632cfa801b221570c5f58c0369db6fa6cef7d9ff859feab1aae1a8a0f/cryptography-44.0.2-cp37-abi3-macosx_10_9_universal2.whl", hash = "sha256:efcfe97d1b3c79e486554efddeb8f6f53a4cdd4cf6086642784fa31fc384e1d7", size = 6676361 },
    { url = "https://files.pythonhosted.org/packages/30/ec/7ea7c1e4c8fc8329506b46c6c4a52e2f20318425d48e0fe597977c71dbce/cryptography-44.0.2-cp37-abi3-manylinux_2_17_aarch64.manylinux2014_aarch64.whl", hash = "sha256:29ecec49f3ba3f3849362854b7253a9f59799e3763b0c9d0826259a88efa02f1", size = 3952350 },
    { url = "https://files.pythonhosted.org/packages/27/61/72e3afdb3c5ac510330feba4fc1faa0fe62e070592d6ad00c40bb69165e5/cryptography-44.0.2-cp37-abi3-manylinux_2_17_x86_64.manylinux2014_x86_64.whl", hash = "sha256:bc821e161ae88bfe8088d11bb39caf2916562e0a2dc7b6d56714a48b784ef0bb", size = 4166572 },
    { url = "https://files.pythonhosted.org/packages/26/e4/ba680f0b35ed4a07d87f9e98f3ebccb05091f3bf6b5a478b943253b3bbd5/cryptography-44.0.2-cp37-abi3-manylinux_2_28_aarch64.whl", hash = "sha256:3c00b6b757b32ce0f62c574b78b939afab9eecaf597c4d624caca4f9e71e7843", size = 3958124 },
    { url = "https://files.pythonhosted.org/packages/9c/e8/44ae3e68c8b6d1cbc59040288056df2ad7f7f03bbcaca6b503c737ab8e73/cryptography-44.0.2-cp37-abi3-manylinux_2_28_armv7l.manylinux_2_31_armv7l.whl", hash = "sha256:7bdcd82189759aba3816d1f729ce42ffded1ac304c151d0a8e89b9996ab863d5", size = 3678122 },
    { url = "https://files.pythonhosted.org/packages/27/7b/664ea5e0d1eab511a10e480baf1c5d3e681c7d91718f60e149cec09edf01/cryptography-44.0.2-cp37-abi3-manylinux_2_28_x86_64.whl", hash = "sha256:4973da6ca3db4405c54cd0b26d328be54c7747e89e284fcff166132eb7bccc9c", size = 4191831 },
    { url = "https://files.pythonhosted.org/packages/2a/07/79554a9c40eb11345e1861f46f845fa71c9e25bf66d132e123d9feb8e7f9/cryptography-44.0.2-cp37-abi3-manylinux_2_34_aarch64.whl", hash = "sha256:4e389622b6927d8133f314949a9812972711a111d577a5d1f4bee5e58736b80a", size = 3960583 },
    { url = "https://files.pythonhosted.org/packages/bb/6d/858e356a49a4f0b591bd6789d821427de18432212e137290b6d8a817e9bf/cryptography-44.0.2-cp37-abi3-manylinux_2_34_x86_64.whl", hash = "sha256:f514ef4cd14bb6fb484b4a60203e912cfcb64f2ab139e88c2274511514bf7308", size = 4191753 },
    { url = "https://files.pythonhosted.org/packages/b2/80/62df41ba4916067fa6b125aa8c14d7e9181773f0d5d0bd4dcef580d8b7c6/cryptography-44.0.2-cp37-abi3-musllinux_1_2_aarch64.whl", hash = "sha256:1bc312dfb7a6e5d66082c87c34c8a62176e684b6fe3d90fcfe1568de675e6688", size = 4079550 },
    { url = "https://files.pythonhosted.org/packages/f3/cd/2558cc08f7b1bb40683f99ff4327f8dcfc7de3affc669e9065e14824511b/cryptography-44.0.2-cp37-abi3-musllinux_1_2_x86_64.whl", hash = "sha256:3b721b8b4d948b218c88cb8c45a01793483821e709afe5f622861fc6182b20a7", size = 4298367 },
    { url = "https://files.pythonhosted.org/packages/71/59/94ccc74788945bc3bd4cf355d19867e8057ff5fdbcac781b1ff95b700fb1/cryptography-44.0.2-cp37-abi3-win32.whl", hash = "sha256:51e4de3af4ec3899d6d178a8c005226491c27c4ba84101bfb59c901e10ca9f79", size = 2772843 },
    { url = "https://files.pythonhosted.org/packages/ca/2c/0d0bbaf61ba05acb32f0841853cfa33ebb7a9ab3d9ed8bb004bd39f2da6a/cryptography-44.0.2-cp37-abi3-win_amd64.whl", hash = "sha256:c505d61b6176aaf982c5717ce04e87da5abc9a36a5b39ac03905c4aafe8de7aa", size = 3209057 },
    { url = "https://files.pythonhosted.org/packages/9e/be/7a26142e6d0f7683d8a382dd963745e65db895a79a280a30525ec92be890/cryptography-44.0.2-cp39-abi3-macosx_10_9_universal2.whl", hash = "sha256:8e0ddd63e6bf1161800592c71ac794d3fb8001f2caebe0966e77c5234fa9efc3", size = 6677789 },
    { url = "https://files.pythonhosted.org/packages/06/88/638865be7198a84a7713950b1db7343391c6066a20e614f8fa286eb178ed/cryptography-44.0.2-cp39-abi3-manylinux_2_17_aarch64.manylinux2014_aarch64.whl", hash = "sha256:81276f0ea79a208d961c433a947029e1a15948966658cf6710bbabb60fcc2639", size = 3951919 },
    { url = "https://files.pythonhosted.org/packages/d7/fc/99fe639bcdf58561dfad1faa8a7369d1dc13f20acd78371bb97a01613585/cryptography-44.0.2-cp39-abi3-manylinux_2_17_x86_64.manylinux2014_x86_64.whl", hash = "sha256:9a1e657c0f4ea2a23304ee3f964db058c9e9e635cc7019c4aa21c330755ef6fd", size = 4167812 },
    { url = "https://files.pythonhosted.org/packages/53/7b/aafe60210ec93d5d7f552592a28192e51d3c6b6be449e7fd0a91399b5d07/cryptography-44.0.2-cp39-abi3-manylinux_2_28_aarch64.whl", hash = "sha256:6210c05941994290f3f7f175a4a57dbbb2afd9273657614c506d5976db061181", size = 3958571 },
    { url = "https://files.pythonhosted.org/packages/16/32/051f7ce79ad5a6ef5e26a92b37f172ee2d6e1cce09931646eef8de1e9827/cryptography-44.0.2-cp39-abi3-manylinux_2_28_armv7l.manylinux_2_31_armv7l.whl", hash = "sha256:d1c3572526997b36f245a96a2b1713bf79ce99b271bbcf084beb6b9b075f29ea", size = 3679832 },
    { url = "https://files.pythonhosted.org/packages/78/2b/999b2a1e1ba2206f2d3bca267d68f350beb2b048a41ea827e08ce7260098/cryptography-44.0.2-cp39-abi3-manylinux_2_28_x86_64.whl", hash = "sha256:b042d2a275c8cee83a4b7ae30c45a15e6a4baa65a179a0ec2d78ebb90e4f6699", size = 4193719 },
    { url = "https://files.pythonhosted.org/packages/72/97/430e56e39a1356e8e8f10f723211a0e256e11895ef1a135f30d7d40f2540/cryptography-44.0.2-cp39-abi3-manylinux_2_34_aarch64.whl", hash = "sha256:d03806036b4f89e3b13b6218fefea8d5312e450935b1a2d55f0524e2ed7c59d9", size = 3960852 },
    { url = "https://files.pythonhosted.org/packages/89/33/c1cf182c152e1d262cac56850939530c05ca6c8d149aa0dcee490b417e99/cryptography-44.0.2-cp39-abi3-manylinux_2_34_x86_64.whl", hash = "sha256:c7362add18b416b69d58c910caa217f980c5ef39b23a38a0880dfd87bdf8cd23", size = 4193906 },
    { url = "https://files.pythonhosted.org/packages/e1/99/87cf26d4f125380dc674233971069bc28d19b07f7755b29861570e513650/cryptography-44.0.2-cp39-abi3-musllinux_1_2_aarch64.whl", hash = "sha256:8cadc6e3b5a1f144a039ea08a0bdb03a2a92e19c46be3285123d32029f40a922", size = 4081572 },
    { url = "https://files.pythonhosted.org/packages/b3/9f/6a3e0391957cc0c5f84aef9fbdd763035f2b52e998a53f99345e3ac69312/cryptography-44.0.2-cp39-abi3-musllinux_1_2_x86_64.whl", hash = "sha256:6f101b1f780f7fc613d040ca4bdf835c6ef3b00e9bd7125a4255ec574c7916e4", size = 4298631 },
    { url = "https://files.pythonhosted.org/packages/e2/a5/5bc097adb4b6d22a24dea53c51f37e480aaec3465285c253098642696423/cryptography-44.0.2-cp39-abi3-win32.whl", hash = "sha256:3dc62975e31617badc19a906481deacdeb80b4bb454394b4098e3f2525a488c5", size = 2773792 },
    { url = "https://files.pythonhosted.org/packages/33/cf/1f7649b8b9a3543e042d3f348e398a061923ac05b507f3f4d95f11938aa9/cryptography-44.0.2-cp39-abi3-win_amd64.whl", hash = "sha256:5f6f90b72d8ccadb9c6e311c775c8305381db88374c65fa1a68250aa8a9cb3a6", size = 3210957 },
    { url = "https://files.pythonhosted.org/packages/d6/d7/f30e75a6aa7d0f65031886fa4a1485c2fbfe25a1896953920f6a9cfe2d3b/cryptography-44.0.2-pp311-pypy311_pp73-manylinux_2_28_aarch64.whl", hash = "sha256:909c97ab43a9c0c0b0ada7a1281430e4e5ec0458e6d9244c0e821bbf152f061d", size = 3887513 },
    { url = "https://files.pythonhosted.org/packages/9c/b4/7a494ce1032323ca9db9a3661894c66e0d7142ad2079a4249303402d8c71/cryptography-44.0.2-pp311-pypy311_pp73-manylinux_2_28_x86_64.whl", hash = "sha256:96e7a5e9d6e71f9f4fca8eebfd603f8e86c5225bb18eb621b2c1e50b290a9471", size = 4107432 },
    { url = "https://files.pythonhosted.org/packages/45/f8/6b3ec0bc56123b344a8d2b3264a325646d2dcdbdd9848b5e6f3d37db90b3/cryptography-44.0.2-pp311-pypy311_pp73-manylinux_2_34_aarch64.whl", hash = "sha256:d1b3031093a366ac767b3feb8bcddb596671b3aaff82d4050f984da0c248b615", size = 3891421 },
    { url = "https://files.pythonhosted.org/packages/57/ff/f3b4b2d007c2a646b0f69440ab06224f9cf37a977a72cdb7b50632174e8a/cryptography-44.0.2-pp311-pypy311_pp73-manylinux_2_34_x86_64.whl", hash = "sha256:04abd71114848aa25edb28e225ab5f268096f44cf0127f3d36975bdf1bdf3390", size = 4107081 },
]

[[package]]
name = "dj-rest-auth"
version = "7.0.1"
source = { registry = "https://pypi.org/simple" }
dependencies = [
    { name = "django" },
    { name = "djangorestframework" },
]
sdist = { url = "https://files.pythonhosted.org/packages/b7/19/00150c8bedf7b6d4c44ecf7c2be9e58ae2203b42741ca734152d34f549f1/dj-rest-auth-7.0.1.tar.gz", hash = "sha256:3f8c744cbcf05355ff4bcbef0c8a63645da38e29a0fdef3c3332d4aced52fb90", size = 220541 }

[package.optional-dependencies]
with-social = [
    { name = "django-allauth", extra = ["socialaccount"] },
]

[[package]]
name = "django"
version = "5.1.6"
source = { registry = "https://pypi.org/simple" }
dependencies = [
    { name = "asgiref" },
    { name = "sqlparse" },
    { name = "tzdata", marker = "sys_platform == 'win32'" },
]
sdist = { url = "https://files.pythonhosted.org/packages/6d/e4/901f54ee114a080371a49bd08fa688d301aaffd9751febaf4ae855fc8fcd/Django-5.1.6.tar.gz", hash = "sha256:1e39eafdd1b185e761d9fab7a9f0b9fa00af1b37b25ad980a8aa0dac13535690", size = 10700620 }
wheels = [
    { url = "https://files.pythonhosted.org/packages/75/6f/d2c216d00975e2604b10940937b0ba6b2c2d9b3cc0cc633e414ae3f14b2e/Django-5.1.6-py3-none-any.whl", hash = "sha256:8d203400bc2952fbfb287c2bbda630297d654920c72a73cc82a9ad7926feaad5", size = 8277066 },
]

[[package]]
name = "django-allauth"
version = "65.4.1"
source = { registry = "https://pypi.org/simple" }
dependencies = [
    { name = "asgiref" },
    { name = "django" },
]
sdist = { url = "https://files.pythonhosted.org/packages/b1/e7/b3232c27da9f43e3db72d16addd90891ee233fa058ddd0588bafcded2ea7/django_allauth-65.4.1.tar.gz", hash = "sha256:60b32aef7dbbcc213319aa4fd8f570e985266ea1162ae6ef7a26a24efca85c8c", size = 1558220 }

[package.optional-dependencies]
socialaccount = [
    { name = "pyjwt", extra = ["crypto"] },
    { name = "requests" },
    { name = "requests-oauthlib" },
]

[[package]]
name = "django-environ"
version = "0.11.2"
source = { registry = "https://pypi.org/simple" }
sdist = { url = "https://files.pythonhosted.org/packages/d6/0b/f2c024529ee4bbf8b95176eebeb86c6e695192a9ce0e91059cb83a33c1d3/django-environ-0.11.2.tar.gz", hash = "sha256:f32a87aa0899894c27d4e1776fa6b477e8164ed7f6b3e410a62a6d72caaf64be", size = 54326 }
wheels = [
    { url = "https://files.pythonhosted.org/packages/c4/f1/468b49cccba3b42dda571063a14c668bb0b53a1d5712426d18e36663bd53/django_environ-0.11.2-py2.py3-none-any.whl", hash = "sha256:0ff95ab4344bfeff693836aa978e6840abef2e2f1145adff7735892711590c05", size = 19141 },
]

[[package]]
name = "django-leaflet"
version = "0.31.0"
source = { registry = "https://pypi.org/simple" }
dependencies = [
    { name = "django" },
]
sdist = { url = "https://files.pythonhosted.org/packages/2e/df/c0980b44685c1fc7e61f63d8a84820da31b3f34db6c73897936aa0f98657/django_leaflet-0.31.0.tar.gz", hash = "sha256:fb2b75f84aff60d4058659300f31a711554c65d128bade5fa8088637fb0751f7", size = 562314 }
wheels = [
    { url = "https://files.pythonhosted.org/packages/94/31/978bf2354fdd41a224a73b3c84292ab091736480a3b701aa4488e4024226/django_leaflet-0.31.0-py3-none-any.whl", hash = "sha256:914d973a30730eafec4cd822e7107bbd71a6d2e0106b6e919fd9eea67bbcbc5c", size = 582297 },
]

[[package]]
name = "django-rest-framework"
version = "0.1.0"
source = { registry = "https://pypi.org/simple" }
dependencies = [
    { name = "djangorestframework" },
]
sdist = { url = "https://files.pythonhosted.org/packages/ed/d2/61159bc6efd1bf16adc4a2a48f7ace2080d1f7aef054f606d1857cab490c/django-rest-framework-0.1.0.tar.gz", hash = "sha256:47a8f496fa69e3b6bd79f68dd7a1527d907d6b77f009e9db7cf9bb21cc565e4a", size = 969 }

[[package]]
name = "djangorestframework"
version = "3.15.1"
source = { registry = "https://pypi.org/simple" }
dependencies = [
    { name = "django" },
]
sdist = { url = "https://files.pythonhosted.org/packages/ec/60/cc2dd985400293fe7bf3fa1b9a5d61f5b44200c33f7d31952f2c9fd79e8a/djangorestframework-3.15.1.tar.gz", hash = "sha256:f88fad74183dfc7144b2756d0d2ac716ea5b4c7c9840995ac3bfd8ec034333c1", size = 1066194 }
wheels = [
    { url = "https://files.pythonhosted.org/packages/c0/7e/8c45ea7f85dd5d52ceddbacc6f56ecaca21ecbfc0e8c34c95618a14d5082/djangorestframework-3.15.1-py3-none-any.whl", hash = "sha256:3ccc0475bce968608cf30d07fb17d8e52d1d7fc8bfe779c905463200750cbca6", size = 1067096 },
]

[[package]]
name = "drf-extra-fields"
version = "3.7.0"
source = { registry = "https://pypi.org/simple" }
dependencies = [
    { name = "django" },
    { name = "djangorestframework" },
    { name = "filetype" },
]
sdist = { url = "https://files.pythonhosted.org/packages/a4/1d/311a0f359546c2de7b5251b2b802a02e6513a89be3e4280c98ae2edfbdd9/drf-extra-fields-3.7.0.tar.gz", hash = "sha256:d7e58b8f60432233328b8a64831e50ea5d05932d3cb63ade8fe66c0d3d21ac5b", size = 25355 }
wheels = [
    { url = "https://files.pythonhosted.org/packages/c1/9d/30ec8fff60178a954b9fb3dff06aef0fb26ffeab8a102f8ce37b024e2a61/drf_extra_fields-3.7.0-py3-none-any.whl", hash = "sha256:3f3b1a6ec0eea02c9cabd62fe10e1673e1e42c5daa27fa9d4cea758c52c5cc30", size = 17764 },
]

[[package]]
name = "drf-spectacular"
version = "0.28.0"
source = { registry = "https://pypi.org/simple" }
dependencies = [
    { name = "django" },
    { name = "djangorestframework" },
    { name = "inflection" },
    { name = "jsonschema" },
    { name = "pyyaml" },
    { name = "uritemplate" },
]
sdist = { url = "https://files.pythonhosted.org/packages/da/b9/741056455aed00fa51a1df41fad5ad27c8e0d433b6bf490d4e60e2808bc6/drf_spectacular-0.28.0.tar.gz", hash = "sha256:2c778a47a40ab2f5078a7c42e82baba07397bb35b074ae4680721b2805943061", size = 237849 }
wheels = [
    { url = "https://files.pythonhosted.org/packages/fb/66/c2929871393b1515c3767a670ff7d980a6882964a31a4ca2680b30d7212a/drf_spectacular-0.28.0-py3-none-any.whl", hash = "sha256:856e7edf1056e49a4245e87a61e8da4baff46c83dbc25be1da2df77f354c7cb4", size = 103928 },
]

[package.optional-dependencies]
sidecar = [
    { name = "drf-spectacular-sidecar" },
]

[[package]]
name = "drf-spectacular-sidecar"
version = "2025.3.1"
source = { registry = "https://pypi.org/simple" }
dependencies = [
    { name = "django" },
]
sdist = { url = "https://files.pythonhosted.org/packages/80/5c/85671ba50957e0ab45e2828ca713cd7b5d0d237c398936c1b45bd0286b72/drf_spectacular_sidecar-2025.3.1.tar.gz", hash = "sha256:7425940a409fb68a46c9b024eb504098fab5b4d73d12573efcaef048445d678f", size = 2401986 }
wheels = [
    { url = "https://files.pythonhosted.org/packages/5e/09/7382eb93a09f33fac72a8af1fc986f43681d15dd5fda750b238a8aace0e8/drf_spectacular_sidecar-2025.3.1-py3-none-any.whl", hash = "sha256:6b9c96204c8e45a06c39928dad704b18536d3253b61591c478540b63db6bdcea", size = 2422301 },
]

[[package]]
name = "filetype"
version = "1.2.0"
source = { registry = "https://pypi.org/simple" }
sdist = { url = "https://files.pythonhosted.org/packages/bb/29/745f7d30d47fe0f251d3ad3dc2978a23141917661998763bebb6da007eb1/filetype-1.2.0.tar.gz", hash = "sha256:66b56cd6474bf41d8c54660347d37afcc3f7d1970648de365c102ef77548aadb", size = 998020 }
wheels = [
    { url = "https://files.pythonhosted.org/packages/18/79/1b8fa1bb3568781e84c9200f951c735f3f157429f44be0495da55894d620/filetype-1.2.0-py2.py3-none-any.whl", hash = "sha256:7ce71b6880181241cf7ac8697a2f1eb6a8bd9b429f7ad6d27b8db9ba5f1c2d25", size = 19970 },
]

[[package]]
name = "idna"
version = "3.10"
source = { registry = "https://pypi.org/simple" }
sdist = { url = "https://files.pythonhosted.org/packages/f1/70/7703c29685631f5a7590aa73f1f1d3fa9a380e654b86af429e0934a32f7d/idna-3.10.tar.gz", hash = "sha256:12f65c9b470abda6dc35cf8e63cc574b1c52b11df2c86030af0ac09b01b13ea9", size = 190490 }
wheels = [
    { url = "https://files.pythonhosted.org/packages/76/c6/c88e154df9c4e1a2a66ccf0005a88dfb2650c1dffb6f5ce603dfbd452ce3/idna-3.10-py3-none-any.whl", hash = "sha256:946d195a0d259cbba61165e88e65941f16e9b36ea6ddb97f00452bae8b1287d3", size = 70442 },
]

[[package]]
name = "inflection"
version = "0.5.1"
source = { registry = "https://pypi.org/simple" }
sdist = { url = "https://files.pythonhosted.org/packages/e1/7e/691d061b7329bc8d54edbf0ec22fbfb2afe61facb681f9aaa9bff7a27d04/inflection-0.5.1.tar.gz", hash = "sha256:1a29730d366e996aaacffb2f1f1cb9593dc38e2ddd30c91250c6dde09ea9b417", size = 15091 }
wheels = [
    { url = "https://files.pythonhosted.org/packages/59/91/aa6bde563e0085a02a435aa99b49ef75b0a4b062635e606dab23ce18d720/inflection-0.5.1-py2.py3-none-any.whl", hash = "sha256:f38b2b640938a4f35ade69ac3d053042959b62a0f1076a5bbaa1b9526605a8a2", size = 9454 },
]

[[package]]
name = "jsonschema"
version = "4.17.3"
source = { registry = "https://pypi.org/simple" }
dependencies = [
    { name = "attrs" },
    { name = "pyrsistent" },
]
sdist = { url = "https://files.pythonhosted.org/packages/36/3d/ca032d5ac064dff543aa13c984737795ac81abc9fb130cd2fcff17cfabc7/jsonschema-4.17.3.tar.gz", hash = "sha256:0f864437ab8b6076ba6707453ef8f98a6a0d512a80e93f8abdb676f737ecb60d", size = 297785 }
wheels = [
    { url = "https://files.pythonhosted.org/packages/c1/97/c698bd9350f307daad79dd740806e1a59becd693bd11443a0f531e3229b3/jsonschema-4.17.3-py3-none-any.whl", hash = "sha256:a870ad254da1a8ca84b6a2905cac29d265f805acc57af304784962a2aa6508f6", size = 90379 },
]

[[package]]
name = "oauthlib"
version = "3.2.2"
source = { registry = "https://pypi.org/simple" }
sdist = { url = "https://files.pythonhosted.org/packages/6d/fa/fbf4001037904031639e6bfbfc02badfc7e12f137a8afa254df6c4c8a670/oauthlib-3.2.2.tar.gz", hash = "sha256:9859c40929662bec5d64f34d01c99e093149682a3f38915dc0655d5a633dd918", size = 177352 }
wheels = [
    { url = "https://files.pythonhosted.org/packages/7e/80/cab10959dc1faead58dc8384a781dfbf93cb4d33d50988f7a69f1b7c9bbe/oauthlib-3.2.2-py3-none-any.whl", hash = "sha256:8139f29aac13e25d502680e9e19963e83f16838d48a0d71c287fe40e7067fbca", size = 151688 },
]

[[package]]
name = "pycparser"
version = "2.21"
source = { registry = "https://pypi.org/simple" }
sdist = { url = "https://files.pythonhosted.org/packages/5e/0b/95d387f5f4433cb0f53ff7ad859bd2c6051051cebbb564f139a999ab46de/pycparser-2.21.tar.gz", hash = "sha256:e644fdec12f7872f86c58ff790da456218b10f863970249516d60a5eaca77206", size = 170877 }
wheels = [
    { url = "https://files.pythonhosted.org/packages/62/d5/5f610ebe421e85889f2e55e33b7f9a6795bd982198517d912eb1c76e1a53/pycparser-2.21-py2.py3-none-any.whl", hash = "sha256:8ee45429555515e1f6b185e78100aea234072576aa43ab53aefcae078162fca9", size = 118697 },
]

[[package]]
name = "pyjwt"
version = "2.8.0"
source = { registry = "https://pypi.org/simple" }
sdist = { url = "https://files.pythonhosted.org/packages/30/72/8259b2bccfe4673330cea843ab23f86858a419d8f1493f66d413a76c7e3b/PyJWT-2.8.0.tar.gz", hash = "sha256:57e28d156e3d5c10088e0c68abb90bfac3df82b40a71bd0daa20c65ccd5c23de", size = 78313 }
wheels = [
    { url = "https://files.pythonhosted.org/packages/2b/4f/e04a8067c7c96c364cef7ef73906504e2f40d690811c021e1a1901473a19/PyJWT-2.8.0-py3-none-any.whl", hash = "sha256:59127c392cc44c2da5bb3192169a91f429924e17aff6534d70fdc02ab3e04320", size = 22591 },
]

[package.optional-dependencies]
crypto = [
    { name = "cryptography" },
]

[[package]]
name = "pyrsistent"
version = "0.19.3"
source = { registry = "https://pypi.org/simple" }
sdist = { url = "https://files.pythonhosted.org/packages/bf/90/445a7dbd275c654c268f47fa9452152709134f61f09605cf776407055a89/pyrsistent-0.19.3.tar.gz", hash = "sha256:1a2994773706bbb4995c31a97bc94f1418314923bd1048c6d964837040376440", size = 102640 }
wheels = [
    { url = "https://files.pythonhosted.org/packages/b1/46/3f9cfa75c46b8a55d3a235456bc129a26431a65e4922fc9af66aa4e2db7e/pyrsistent-0.19.3-cp311-cp311-macosx_10_9_universal2.whl", hash = "sha256:f0774bf48631f3a20471dd7c5989657b639fd2d285b861237ea9e82c36a415a9", size = 82552 },
    { url = "https://files.pythonhosted.org/packages/64/bd/b108e1a288a63871be1cf062176dcd5be922c748f843f316440104a45df3/pyrsistent-0.19.3-cp311-cp311-manylinux_2_17_aarch64.manylinux2014_aarch64.whl", hash = "sha256:3ab2204234c0ecd8b9368dbd6a53e83c3d4f3cab10ecaf6d0e772f456c442393", size = 119532 },
    { url = "https://files.pythonhosted.org/packages/86/f2/fda71652a6baa0147891296a99b4145572538417609c164450beebcf8ebc/pyrsistent-0.19.3-cp311-cp311-manylinux_2_5_i686.manylinux1_i686.manylinux_2_17_i686.manylinux2014_i686.whl", hash = "sha256:e42296a09e83028b3476f7073fcb69ffebac0e66dbbfd1bd847d61f74db30f19", size = 116166 },
    { url = "https://files.pythonhosted.org/packages/de/9e/10c5bf794eec650a3aab1b4fb1f6824f53011d111ddfdce1459dc357408a/pyrsistent-0.19.3-cp311-cp311-win32.whl", hash = "sha256:64220c429e42a7150f4bfd280f6f4bb2850f95956bde93c6fda1b70507af6ef3", size = 60181 },
    { url = "https://files.pythonhosted.org/packages/b2/ea/055a9c1884be7c77dd68d9a7891e7a39c776c86946aa4630f8f9f8e48169/pyrsistent-0.19.3-cp311-cp311-win_amd64.whl", hash = "sha256:016ad1afadf318eb7911baa24b049909f7f3bb2c5b1ed7b6a8f21db21ea3faa8", size = 62714 },
    { url = "https://files.pythonhosted.org/packages/64/de/375aa14daaee107f987da76ca32f7a907fea00fa8b8afb67dc09bec0de91/pyrsistent-0.19.3-py3-none-any.whl", hash = "sha256:ccf0d6bd208f8111179f0c26fdf84ed7c3891982f2edaeae7422575f47e66b64", size = 57505 },
]

[[package]]
name = "pyyaml"
version = "6.0.1"
source = { registry = "https://pypi.org/simple" }
sdist = { url = "https://files.pythonhosted.org/packages/cd/e5/af35f7ea75cf72f2cd079c95ee16797de7cd71f29ea7c68ae5ce7be1eda0/PyYAML-6.0.1.tar.gz", hash = "sha256:bfdf460b1736c775f2ba9f6a92bca30bc2095067b8a9d77876d1fad6cc3b4a43", size = 125201 }
wheels = [
    { url = "https://files.pythonhosted.org/packages/ec/0d/26fb23e8863e0aeaac0c64e03fd27367ad2ae3f3cccf3798ee98ce160368/PyYAML-6.0.1-cp311-cp311-macosx_10_9_x86_64.whl", hash = "sha256:6965a7bc3cf88e5a1c3bd2e0b5c22f8d677dc88a455344035f03399034eb3007", size = 187867 },
    { url = "https://files.pythonhosted.org/packages/28/09/55f715ddbf95a054b764b547f617e22f1d5e45d83905660e9a088078fe67/PyYAML-6.0.1-cp311-cp311-macosx_11_0_arm64.whl", hash = "sha256:f003ed9ad21d6a4713f0a9b5a7a0a79e08dd0f221aff4525a2be4c346ee60aab", size = 167530 },
    { url = "https://files.pythonhosted.org/packages/5e/94/7d5ee059dfb92ca9e62f4057dcdec9ac08a9e42679644854dc01177f8145/PyYAML-6.0.1-cp311-cp311-manylinux_2_17_aarch64.manylinux2014_aarch64.whl", hash = "sha256:42f8152b8dbc4fe7d96729ec2b99c7097d656dc1213a3229ca5383f973a5ed6d", size = 732244 },
    { url = "https://files.pythonhosted.org/packages/06/92/e0224aa6ebf9dc54a06a4609da37da40bb08d126f5535d81bff6b417b2ae/PyYAML-6.0.1-cp311-cp311-manylinux_2_17_s390x.manylinux2014_s390x.whl", hash = "sha256:062582fca9fabdd2c8b54a3ef1c978d786e0f6b3a1510e0ac93ef59e0ddae2bc", size = 752871 },
    { url = "https://files.pythonhosted.org/packages/7b/5e/efd033ab7199a0b2044dab3b9f7a4f6670e6a52c089de572e928d2873b06/PyYAML-6.0.1-cp311-cp311-manylinux_2_17_x86_64.manylinux2014_x86_64.whl", hash = "sha256:d2b04aac4d386b172d5b9692e2d2da8de7bfb6c387fa4f801fbf6fb2e6ba4673", size = 757729 },
    { url = "https://files.pythonhosted.org/packages/03/5c/c4671451b2f1d76ebe352c0945d4cd13500adb5d05f5a51ee296d80152f7/PyYAML-6.0.1-cp311-cp311-musllinux_1_1_x86_64.whl", hash = "sha256:e7d73685e87afe9f3b36c799222440d6cf362062f78be1013661b00c5c6f678b", size = 748528 },
    { url = "https://files.pythonhosted.org/packages/73/9c/766e78d1efc0d1fca637a6b62cea1b4510a7fb93617eb805223294fef681/PyYAML-6.0.1-cp311-cp311-win32.whl", hash = "sha256:1635fd110e8d85d55237ab316b5b011de701ea0f29d07611174a1b42f1444741", size = 130286 },
    { url = "https://files.pythonhosted.org/packages/b3/34/65bb4b2d7908044963ebf614fe0fdb080773fc7030d7e39c8d3eddcd4257/PyYAML-6.0.1-cp311-cp311-win_amd64.whl", hash = "sha256:bf07ee2fef7014951eeb99f56f39c9bb4af143d8aa3c21b1677805985307da34", size = 144699 },
    { url = "https://files.pythonhosted.org/packages/bc/06/1b305bf6aa704343be85444c9d011f626c763abb40c0edc1cad13bfd7f86/PyYAML-6.0.1-cp312-cp312-macosx_10_9_x86_64.whl", hash = "sha256:855fb52b0dc35af121542a76b9a84f8d1cd886ea97c84703eaa6d88e37a2ad28", size = 178692 },
    { url = "https://files.pythonhosted.org/packages/84/02/404de95ced348b73dd84f70e15a41843d817ff8c1744516bf78358f2ffd2/PyYAML-6.0.1-cp312-cp312-macosx_11_0_arm64.whl", hash = "sha256:40df9b996c2b73138957fe23a16a4f0ba614f4c0efce1e9406a184b6d07fa3a9", size = 165622 },
    { url = "https://files.pythonhosted.org/packages/c7/4c/4a2908632fc980da6d918b9de9c1d9d7d7e70b2672b1ad5166ed27841ef7/PyYAML-6.0.1-cp312-cp312-manylinux_2_17_aarch64.manylinux2014_aarch64.whl", hash = "sha256:a08c6f0fe150303c1c6b71ebcd7213c2858041a7e01975da3a99aed1e7a378ef", size = 696937 },
    { url = "https://files.pythonhosted.org/packages/b4/33/720548182ffa8344418126017aa1d4ab4aeec9a2275f04ce3f3573d8ace8/PyYAML-6.0.1-cp312-cp312-manylinux_2_17_x86_64.manylinux2014_x86_64.whl", hash = "sha256:6c22bec3fbe2524cde73d7ada88f6566758a8f7227bfbf93a408a9d86bcc12a0", size = 724969 },
    { url = "https://files.pythonhosted.org/packages/4f/78/77b40157b6cb5f2d3d31a3d9b2efd1ba3505371f76730d267e8b32cf4b7f/PyYAML-6.0.1-cp312-cp312-musllinux_1_1_x86_64.whl", hash = "sha256:8d4e9c88387b0f5c7d5f281e55304de64cf7f9c0021a3525bd3b1c542da3b0e4", size = 712604 },
    { url = "https://files.pythonhosted.org/packages/2e/97/3e0e089ee85e840f4b15bfa00e4e63d84a3691ababbfea92d6f820ea6f21/PyYAML-6.0.1-cp312-cp312-win32.whl", hash = "sha256:d483d2cdf104e7c9fa60c544d92981f12ad66a457afae824d146093b8c294c54", size = 126098 },
    { url = "https://files.pythonhosted.org/packages/2b/9f/fbade56564ad486809c27b322d0f7e6a89c01f6b4fe208402e90d4443a99/PyYAML-6.0.1-cp312-cp312-win_amd64.whl", hash = "sha256:0d3304d8c0adc42be59c5f8a4d9e3d7379e6955ad754aa9d6ab7a398b59dd1df", size = 138675 },
]

[[package]]
name = "requests"
version = "2.31.0"
source = { registry = "https://pypi.org/simple" }
dependencies = [
    { name = "certifi" },
    { name = "charset-normalizer" },
    { name = "idna" },
    { name = "urllib3" },
]
sdist = { url = "https://files.pythonhosted.org/packages/9d/be/10918a2eac4ae9f02f6cfe6414b7a155ccd8f7f9d4380d62fd5b955065c3/requests-2.31.0.tar.gz", hash = "sha256:942c5a758f98d790eaed1a29cb6eefc7ffb0d1cf7af05c3d2791656dbd6ad1e1", size = 110794 }
wheels = [
    { url = "https://files.pythonhosted.org/packages/70/8e/0e2d847013cb52cd35b38c009bb167a1a26b2ce6cd6965bf26b47bc0bf44/requests-2.31.0-py3-none-any.whl", hash = "sha256:58cd2187c01e70e6e26505bca751777aa9f2ee0b7f4300988b709f44e013003f", size = 62574 },
]

[[package]]
name = "requests-oauthlib"
version = "2.0.0"
source = { registry = "https://pypi.org/simple" }
dependencies = [
    { name = "oauthlib" },
    { name = "requests" },
]
sdist = { url = "https://files.pythonhosted.org/packages/42/f2/05f29bc3913aea15eb670be136045bf5c5bbf4b99ecb839da9b422bb2c85/requests-oauthlib-2.0.0.tar.gz", hash = "sha256:b3dffaebd884d8cd778494369603a9e7b58d29111bf6b41bdc2dcd87203af4e9", size = 55650 }
wheels = [
    { url = "https://files.pythonhosted.org/packages/3b/5d/63d4ae3b9daea098d5d6f5da83984853c1bbacd5dc826764b249fe119d24/requests_oauthlib-2.0.0-py2.py3-none-any.whl", hash = "sha256:7dd8a5c40426b779b0868c404bdef9768deccf22749cde15852df527e6269b36", size = 24179 },
]

[[package]]
name = "six"
version = "1.17.0"
source = { registry = "https://pypi.org/simple" }
sdist = { url = "https://files.pythonhosted.org/packages/94/e7/b2c673351809dca68a0e064b6af791aa332cf192da575fd474ed7d6f16a2/six-1.17.0.tar.gz", hash = "sha256:ff70335d468e7eb6ec65b95b99d3a2836546063f63acc5171de367e834932a81", size = 34031 }
wheels = [
    { url = "https://files.pythonhosted.org/packages/b7/ce/149a00dd41f10bc29e5921b496af8b574d8413afcd5e30dfa0ed46c2cc5e/six-1.17.0-py2.py3-none-any.whl", hash = "sha256:4721f391ed90541fddacab5acf947aa0d3dc7d27b2e1e8eda2be8970586c3274", size = 11050 },
]

[[package]]
name = "sqlparse"
version = "0.4.4"
source = { registry = "https://pypi.org/simple" }
sdist = { url = "https://files.pythonhosted.org/packages/65/16/10f170ec641ed852611b6c9441b23d10b5702ab5288371feab3d36de2574/sqlparse-0.4.4.tar.gz", hash = "sha256:d446183e84b8349fa3061f0fe7f06ca94ba65b426946ffebe6e3e8295332420c", size = 72383 }
wheels = [
    { url = "https://files.pythonhosted.org/packages/98/5a/66d7c9305baa9f11857f247d4ba761402cea75db6058ff850ed7128957b7/sqlparse-0.4.4-py3-none-any.whl", hash = "sha256:5430a4fe2ac7d0f93e66f1efc6e1338a41884b7ddf2a350cedd20ccc4d9d28f3", size = 41183 },
]

[[package]]
name = "tzdata"
version = "2025.1"
source = { registry = "https://pypi.org/simple" }
sdist = { url = "https://files.pythonhosted.org/packages/43/0f/fa4723f22942480be4ca9527bbde8d43f6c3f2fe8412f00e7f5f6746bc8b/tzdata-2025.1.tar.gz", hash = "sha256:24894909e88cdb28bd1636c6887801df64cb485bd593f2fd83ef29075a81d694", size = 194950 }
wheels = [
    { url = "https://files.pythonhosted.org/packages/0f/dd/84f10e23edd882c6f968c21c2434fe67bd4a528967067515feca9e611e5e/tzdata-2025.1-py2.py3-none-any.whl", hash = "sha256:7e127113816800496f027041c570f50bcd464a020098a3b6b199517772303639", size = 346762 },
]

[[package]]
name = "uritemplate"
version = "4.1.1"
source = { registry = "https://pypi.org/simple" }
sdist = { url = "https://files.pythonhosted.org/packages/d2/5a/4742fdba39cd02a56226815abfa72fe0aa81c33bed16ed045647d6000eba/uritemplate-4.1.1.tar.gz", hash = "sha256:4346edfc5c3b79f694bccd6d6099a322bbeb628dbf2cd86eea55a456ce5124f0", size = 273898 }
wheels = [
    { url = "https://files.pythonhosted.org/packages/81/c0/7461b49cd25aeece13766f02ee576d1db528f1c37ce69aee300e075b485b/uritemplate-4.1.1-py2.py3-none-any.whl", hash = "sha256:830c08b8d99bdd312ea4ead05994a38e8936266f84b9a7878232db50b044e02e", size = 10356 },
]

[[package]]
name = "urllib3"
version = "2.0.7"
source = { registry = "https://pypi.org/simple" }
sdist = { url = "https://files.pythonhosted.org/packages/af/47/b215df9f71b4fdba1025fc05a77db2ad243fa0926755a52c5e71659f4e3c/urllib3-2.0.7.tar.gz", hash = "sha256:c97dfde1f7bd43a71c8d2a58e369e9b2bf692d1334ea9f9cae55add7d0dd0f84", size = 282546 }
wheels = [
    { url = "https://files.pythonhosted.org/packages/d2/b2/b157855192a68541a91ba7b2bbcb91f1b4faa51f8bae38d8005c034be524/urllib3-2.0.7-py3-none-any.whl", hash = "sha256:fdb6d215c776278489906c2f8916e6e7d4f5a9b602ccbcfdf7f016fc8da0596e", size = 124213 },
]
